
Microsoft Visual Studio Solution File, Format Version 12.00
# Visual Studio Version 16
VisualStudioVersion = 16.0.34031.81
MinimumVisualStudioVersion = 10.0.40219.1
Project("{FAE04EC0-301F-11D3-BF4B-00C04F79EFBC}") = "travel_agency", "travel_agency.csproj", "{9778E997-395C-4E40-ADEF-D49D31CD30F2}"
EndProject
Project("{FAE04EC0-301F-11D3-BF4B-00C04F79EFBC}") = "ClassLibrary", "..\ClassLibrary\ClassLibrary.csproj", "{9C2DA08A-FE5A-4CD0-A900-7AAEEF126111}"
EndProject
Project("{FAE04EC0-301F-11D3-BF4B-00C04F79EFBC}") = "DAL", "..\DAL\DAL.csproj", "{04EB5BC9-836F-4287-8C44-05899890639A}"
EndProject
Project("{FAE04EC0-301F-11D3-BF4B-00C04F79EFBC}") = "BAL", "..\BAL\BAL.csproj", "{430A408F-2B4E-4CBD-99EE-5EBFE6F1176E}"
EndProject
Project("{FAE04EC0-301F-11D3-BF4B-00C04F79EFBC}") = "MenuClass", "..\MenuClass\MenuClass.csproj", "{2C731998-D99B-4289-A34A-59ABB58EE451}"
EndProject
Global
	GlobalSection(SolutionConfigurationPlatforms) = preSolution
		Debug|Any CPU = Debug|Any CPU
		Release|Any CPU = Release|Any CPU
	EndGlobalSection
	GlobalSection(ProjectConfigurationPlatforms) = postSolution
		{9778E997-395C-4E40-ADEF-D49D31CD30F2}.Debug|Any CPU.ActiveCfg = Debug|Any CPU
		{9778E997-395C-4E40-ADEF-D49D31CD30F2}.Debug|Any CPU.Build.0 = Debug|Any CPU
		{9778E997-395C-4E40-ADEF-D49D31CD30F2}.Release|Any CPU.ActiveCfg = Release|Any CPU
		{9778E997-395C-4E40-ADEF-D49D31CD30F2}.Release|Any CPU.Build.0 = Release|Any CPU
		{9C2DA08A-FE5A-4CD0-A900-7AAEEF126111}.Debug|Any CPU.ActiveCfg = Debug|Any CPU
		{9C2DA08A-FE5A-4CD0-A900-7AAEEF126111}.Debug|Any CPU.Build.0 = Debug|Any CPU
		{9C2DA08A-FE5A-4CD0-A900-7AAEEF126111}.Release|Any CPU.ActiveCfg = Release|Any CPU
		{9C2DA08A-FE5A-4CD0-A900-7AAEEF126111}.Release|Any CPU.Build.0 = Release|Any CPU
		{04EB5BC9-836F-4287-8C44-05899890639A}.Debug|Any CPU.ActiveCfg = Debug|Any CPU
		{04EB5BC9-836F-4287-8C44-05899890639A}.Debug|Any CPU.Build.0 = Debug|Any CPU
		{04EB5BC9-836F-4287-8C44-05899890639A}.Release|Any CPU.ActiveCfg = Release|Any CPU
		{04EB5BC9-836F-4287-8C44-05899890639A}.Release|Any CPU.Build.0 = Release|Any CPU
		{430A408F-2B4E-4CBD-99EE-5EBFE6F1176E}.Debug|Any CPU.ActiveCfg = Debug|Any CPU
		{430A408F-2B4E-4CBD-99EE-5EBFE6F1176E}.Debug|Any CPU.Build.0 = Debug|Any CPU
		{430A408F-2B4E-4CBD-99EE-5EBFE6F1176E}.Release|Any CPU.ActiveCfg = Release|Any CPU
		{430A408F-2B4E-4CBD-99EE-5EBFE6F1176E}.Release|Any CPU.Build.0 = Release|Any CPU
		{2C731998-D99B-4289-A34A-59ABB58EE451}.Debug|Any CPU.ActiveCfg = Debug|Any CPU
		{2C731998-D99B-4289-A34A-59ABB58EE451}.Debug|Any CPU.Build.0 = Debug|Any CPU
		{2C731998-D99B-4289-A34A-59ABB58EE451}.Release|Any CPU.ActiveCfg = Release|Any CPU
		{2C731998-D99B-4289-A34A-59ABB58EE451}.Release|Any CPU.Build.0 = Release|Any CPU
	EndGlobalSection
	GlobalSection(SolutionProperties) = preSolution
		HideSolutionNode = FALSE
	EndGlobalSection
	GlobalSection(ExtensibilityGlobals) = postSolution
		SolutionGuid = {57449549-2BB7-4531-847E-2BD7E07889F6}
	EndGlobalSection
EndGlobal
